
Microsoft Visual Studio Solution File, Format Version 12.00
# Visual Studio Version 17
VisualStudioVersion = 17.2.32616.157
MinimumVisualStudioVersion = 10.0.40219.1
Project("{FAE04EC0-301F-11D3-BF4B-00C04F79EFBC}") = "IntroAPI", "IntroAPI\IntroAPI.csproj", "{D747874D-0339-49D6-9165-36FDFB6B49CB}"
EndProject
Global
	GlobalSection(SolutionConfigurationPlatforms) = preSolution
		Debug|Any CPU = Debug|Any CPU
		Release|Any CPU = Release|Any CPU
	EndGlobalSection
	GlobalSection(ProjectConfigurationPlatforms) = postSolution
		{D747874D-0339-49D6-9165-36FDFB6B49CB}.Debug|Any CPU.ActiveCfg = Debug|Any CPU
		{D747874D-0339-49D6-9165-36FDFB6B49CB}.Debug|Any CPU.Build.0 = Debug|Any CPU
		{D747874D-0339-49D6-9165-36FDFB6B49CB}.Release|Any CPU.ActiveCfg = Release|Any CPU
		{D747874D-0339-49D6-9165-36FDFB6B49CB}.Release|Any CPU.Build.0 = Release|Any CPU
	EndGlobalSection
	GlobalSection(SolutionProperties) = preSolution
		HideSolutionNode = FALSE
	EndGlobalSection
	GlobalSection(ExtensibilityGlobals) = postSolution
		SolutionGuid = {B05AA27C-D838-4E1A-92FD-8D7FEA808418}
	EndGlobalSection
EndGlobal
