
Microsoft Visual Studio Solution File, Format Version 12.00
# Visual Studio Version 17
VisualStudioVersion = 17.2.32616.157
MinimumVisualStudioVersion = 10.0.40219.1
Project("{FAE04EC0-301F-11D3-BF4B-00C04F79EFBC}") = "PostComment", "PostComment\PostComment.csproj", "{C6A4EDDF-18AB-4F3F-A1C0-F1CC821C8313}"
EndProject
Project("{FAE04EC0-301F-11D3-BF4B-00C04F79EFBC}") = "BLL", "BLL\BLL.csproj", "{8CE0BA8D-710F-4A95-8284-14217EC10527}"
EndProject
Project("{FAE04EC0-301F-11D3-BF4B-00C04F79EFBC}") = "DAL", "DAL\DAL.csproj", "{55F37259-7D7D-47D2-A3C1-0A0283A307C3}"
EndProject
Project("{FAE04EC0-301F-11D3-BF4B-00C04F79EFBC}") = "PostConsole", "PostConsole\PostConsole.csproj", "{5B132B80-918A-49B3-BC51-7D1AF9D93E3B}"
EndProject
Global
	GlobalSection(SolutionConfigurationPlatforms) = preSolution
		Debug|Any CPU = Debug|Any CPU
		Release|Any CPU = Release|Any CPU
	EndGlobalSection
	GlobalSection(ProjectConfigurationPlatforms) = postSolution
		{C6A4EDDF-18AB-4F3F-A1C0-F1CC821C8313}.Debug|Any CPU.ActiveCfg = Debug|Any CPU
		{C6A4EDDF-18AB-4F3F-A1C0-F1CC821C8313}.Debug|Any CPU.Build.0 = Debug|Any CPU
		{C6A4EDDF-18AB-4F3F-A1C0-F1CC821C8313}.Release|Any CPU.ActiveCfg = Release|Any CPU
		{C6A4EDDF-18AB-4F3F-A1C0-F1CC821C8313}.Release|Any CPU.Build.0 = Release|Any CPU
		{8CE0BA8D-710F-4A95-8284-14217EC10527}.Debug|Any CPU.ActiveCfg = Debug|Any CPU
		{8CE0BA8D-710F-4A95-8284-14217EC10527}.Debug|Any CPU.Build.0 = Debug|Any CPU
		{8CE0BA8D-710F-4A95-8284-14217EC10527}.Release|Any CPU.ActiveCfg = Release|Any CPU
		{8CE0BA8D-710F-4A95-8284-14217EC10527}.Release|Any CPU.Build.0 = Release|Any CPU
		{55F37259-7D7D-47D2-A3C1-0A0283A307C3}.Debug|Any CPU.ActiveCfg = Debug|Any CPU
		{55F37259-7D7D-47D2-A3C1-0A0283A307C3}.Debug|Any CPU.Build.0 = Debug|Any CPU
		{55F37259-7D7D-47D2-A3C1-0A0283A307C3}.Release|Any CPU.ActiveCfg = Release|Any CPU
		{55F37259-7D7D-47D2-A3C1-0A0283A307C3}.Release|Any CPU.Build.0 = Release|Any CPU
		{5B132B80-918A-49B3-BC51-7D1AF9D93E3B}.Debug|Any CPU.ActiveCfg = Debug|Any CPU
		{5B132B80-918A-49B3-BC51-7D1AF9D93E3B}.Debug|Any CPU.Build.0 = Debug|Any CPU
		{5B132B80-918A-49B3-BC51-7D1AF9D93E3B}.Release|Any CPU.ActiveCfg = Release|Any CPU
		{5B132B80-918A-49B3-BC51-7D1AF9D93E3B}.Release|Any CPU.Build.0 = Release|Any CPU
	EndGlobalSection
	GlobalSection(SolutionProperties) = preSolution
		HideSolutionNode = FALSE
	EndGlobalSection
	GlobalSection(ExtensibilityGlobals) = postSolution
		SolutionGuid = {5F476795-18A9-4759-9471-73AB494D34B6}
	EndGlobalSection
EndGlobal
