
Microsoft Visual Studio Solution File, Format Version 12.00
# Visual Studio Version 17
VisualStudioVersion = 17.2.32616.157
MinimumVisualStudioVersion = 10.0.40219.1
Project("{FAE04EC0-301F-11D3-BF4B-00C04F79EFBC}") = "IntroTierApp", "IntroTierApp\IntroTierApp.csproj", "{77825D77-E439-4930-8745-E74509442638}"
EndProject
Project("{FAE04EC0-301F-11D3-BF4B-00C04F79EFBC}") = "BLL", "BLL\BLL.csproj", "{5D31F110-94BC-4F6C-8A43-ECDC3345065C}"
EndProject
Project("{FAE04EC0-301F-11D3-BF4B-00C04F79EFBC}") = "DAL", "DAL\DAL.csproj", "{F3439E81-45F2-460E-9782-A23CF225ABD1}"
EndProject
Global
	GlobalSection(SolutionConfigurationPlatforms) = preSolution
		Debug|Any CPU = Debug|Any CPU
		Release|Any CPU = Release|Any CPU
	EndGlobalSection
	GlobalSection(ProjectConfigurationPlatforms) = postSolution
		{77825D77-E439-4930-8745-E74509442638}.Debug|Any CPU.ActiveCfg = Debug|Any CPU
		{77825D77-E439-4930-8745-E74509442638}.Debug|Any CPU.Build.0 = Debug|Any CPU
		{77825D77-E439-4930-8745-E74509442638}.Release|Any CPU.ActiveCfg = Release|Any CPU
		{77825D77-E439-4930-8745-E74509442638}.Release|Any CPU.Build.0 = Release|Any CPU
		{5D31F110-94BC-4F6C-8A43-ECDC3345065C}.Debug|Any CPU.ActiveCfg = Debug|Any CPU
		{5D31F110-94BC-4F6C-8A43-ECDC3345065C}.Debug|Any CPU.Build.0 = Debug|Any CPU
		{5D31F110-94BC-4F6C-8A43-ECDC3345065C}.Release|Any CPU.ActiveCfg = Release|Any CPU
		{5D31F110-94BC-4F6C-8A43-ECDC3345065C}.Release|Any CPU.Build.0 = Release|Any CPU
		{F3439E81-45F2-460E-9782-A23CF225ABD1}.Debug|Any CPU.ActiveCfg = Debug|Any CPU
		{F3439E81-45F2-460E-9782-A23CF225ABD1}.Debug|Any CPU.Build.0 = Debug|Any CPU
		{F3439E81-45F2-460E-9782-A23CF225ABD1}.Release|Any CPU.ActiveCfg = Release|Any CPU
		{F3439E81-45F2-460E-9782-A23CF225ABD1}.Release|Any CPU.Build.0 = Release|Any CPU
	EndGlobalSection
	GlobalSection(SolutionProperties) = preSolution
		HideSolutionNode = FALSE
	EndGlobalSection
	GlobalSection(ExtensibilityGlobals) = postSolution
		SolutionGuid = {7643E797-73F8-4752-B5A9-5570707350AB}
	EndGlobalSection
EndGlobal
